
Microsoft Visual Studio Solution File, Format Version 12.00
# Visual Studio Version 17
VisualStudioVersion = 17.11.35327.3
MinimumVisualStudioVersion = 10.0.40219.1
Project("{2150E333-8FDC-42A3-9474-1A3956D46DE8}") = "Locacao_de_Carros.App", "Locacao_de_Carros.App", "{F5193B75-C24F-4D58-B005-85BA93911368}"
EndProject
Project("{2150E333-8FDC-42A3-9474-1A3956D46DE8}") = "Locacao_de_Carros.ddd", "Locacao_de_Carros.ddd", "{4EE7DE54-1B51-4389-8FB5-5EC848F4D1C8}"
EndProject
Project("{2150E333-8FDC-42A3-9474-1A3956D46DE8}") = "Locacao_de_Carros.teste", "Locacao_de_Carros.teste", "{37BC1A61-791F-449F-9302-346469FB25FD}"
EndProject
Project("{2150E333-8FDC-42A3-9474-1A3956D46DE8}") = "Domain", "Domain", "{7FDDF86E-612E-411E-9AB9-873AE2A247B9}"
EndProject
Project("{2150E333-8FDC-42A3-9474-1A3956D46DE8}") = "Repository", "Repository", "{D7733F1E-0112-4126-BCC7-964DE4C910CD}"
EndProject
Project("{2150E333-8FDC-42A3-9474-1A3956D46DE8}") = "Service", "Service", "{9FCAF9A2-098F-434C-B6D6-F5454A503E1C}"
EndProject
Project("{9A19103F-16F7-4668-BE54-9A1E7A4F7556}") = "Carros.App", "Carros.App\Carros.App.csproj", "{9FE91CB9-96A4-4D8C-ABED-76921FAD8B87}"
EndProject
Project("{9A19103F-16F7-4668-BE54-9A1E7A4F7556}") = "Carros.Domain", "Carros.Domain\Carros.Domain.csproj", "{46CEF239-A182-4624-8A51-D60DDCA19BE2}"
EndProject
Project("{9A19103F-16F7-4668-BE54-9A1E7A4F7556}") = "Car.Repository", "Car.Repository\Car.Repository.csproj", "{09ED4DBF-812E-43F5-8F21-A7F0249D7B98}"
EndProject
Project("{9A19103F-16F7-4668-BE54-9A1E7A4F7556}") = "Carros.Service", "Carros.Service\Carros.Service.csproj", "{B2536ACB-2897-450C-A79C-D950E5A29AFC}"
EndProject
Project("{FAE04EC0-301F-11D3-BF4B-00C04F79EFBC}") = "Carros.Teste", "Carros.Teste\Carros.Teste.csproj", "{FC04E8E0-85A3-48C2-9962-8A6B446E8F9E}"
EndProject
Project("{2150E333-8FDC-42A3-9474-1A3956D46DE8}") = "Context", "Context", "{95197ACF-DBBB-432F-B0B3-8FAFFB9EEE48}"
EndProject
Project("{2150E333-8FDC-42A3-9474-1A3956D46DE8}") = "Mapping", "Mapping", "{241DF6F4-9CB8-4C14-9068-850BFC9520CD}"
EndProject
Project("{2150E333-8FDC-42A3-9474-1A3956D46DE8}") = "Repository", "Repository", "{380B9A15-8C67-4E75-B6CE-4F6B2E05EBAB}"
EndProject
Project("{2150E333-8FDC-42A3-9474-1A3956D46DE8}") = "Service", "Service", "{3D117046-54C6-4552-B782-6BAB0264F184}"
EndProject
Project("{2150E333-8FDC-42A3-9474-1A3956D46DE8}") = "Validator", "Validator", "{CE509E78-D01B-4EDD-8A7F-0161E14E19F4}"
EndProject
Global
	GlobalSection(SolutionConfigurationPlatforms) = preSolution
		Debug|Any CPU = Debug|Any CPU
		Release|Any CPU = Release|Any CPU
	EndGlobalSection
	GlobalSection(ProjectConfigurationPlatforms) = postSolution
		{9FE91CB9-96A4-4D8C-ABED-76921FAD8B87}.Debug|Any CPU.ActiveCfg = Debug|Any CPU
		{9FE91CB9-96A4-4D8C-ABED-76921FAD8B87}.Debug|Any CPU.Build.0 = Debug|Any CPU
		{9FE91CB9-96A4-4D8C-ABED-76921FAD8B87}.Release|Any CPU.ActiveCfg = Release|Any CPU
		{9FE91CB9-96A4-4D8C-ABED-76921FAD8B87}.Release|Any CPU.Build.0 = Release|Any CPU
		{46CEF239-A182-4624-8A51-D60DDCA19BE2}.Debug|Any CPU.ActiveCfg = Debug|Any CPU
		{46CEF239-A182-4624-8A51-D60DDCA19BE2}.Debug|Any CPU.Build.0 = Debug|Any CPU
		{46CEF239-A182-4624-8A51-D60DDCA19BE2}.Release|Any CPU.ActiveCfg = Release|Any CPU
		{46CEF239-A182-4624-8A51-D60DDCA19BE2}.Release|Any CPU.Build.0 = Release|Any CPU
		{09ED4DBF-812E-43F5-8F21-A7F0249D7B98}.Debug|Any CPU.ActiveCfg = Debug|Any CPU
		{09ED4DBF-812E-43F5-8F21-A7F0249D7B98}.Debug|Any CPU.Build.0 = Debug|Any CPU
		{09ED4DBF-812E-43F5-8F21-A7F0249D7B98}.Release|Any CPU.ActiveCfg = Release|Any CPU
		{09ED4DBF-812E-43F5-8F21-A7F0249D7B98}.Release|Any CPU.Build.0 = Release|Any CPU
		{B2536ACB-2897-450C-A79C-D950E5A29AFC}.Debug|Any CPU.ActiveCfg = Debug|Any CPU
		{B2536ACB-2897-450C-A79C-D950E5A29AFC}.Debug|Any CPU.Build.0 = Debug|Any CPU
		{B2536ACB-2897-450C-A79C-D950E5A29AFC}.Release|Any CPU.ActiveCfg = Release|Any CPU
		{B2536ACB-2897-450C-A79C-D950E5A29AFC}.Release|Any CPU.Build.0 = Release|Any CPU
		{FC04E8E0-85A3-48C2-9962-8A6B446E8F9E}.Debug|Any CPU.ActiveCfg = Debug|Any CPU
		{FC04E8E0-85A3-48C2-9962-8A6B446E8F9E}.Debug|Any CPU.Build.0 = Debug|Any CPU
		{FC04E8E0-85A3-48C2-9962-8A6B446E8F9E}.Release|Any CPU.ActiveCfg = Release|Any CPU
		{FC04E8E0-85A3-48C2-9962-8A6B446E8F9E}.Release|Any CPU.Build.0 = Release|Any CPU
	EndGlobalSection
	GlobalSection(SolutionProperties) = preSolution
		HideSolutionNode = FALSE
	EndGlobalSection
	GlobalSection(NestedProjects) = preSolution
		{7FDDF86E-612E-411E-9AB9-873AE2A247B9} = {4EE7DE54-1B51-4389-8FB5-5EC848F4D1C8}
		{D7733F1E-0112-4126-BCC7-964DE4C910CD} = {4EE7DE54-1B51-4389-8FB5-5EC848F4D1C8}
		{9FCAF9A2-098F-434C-B6D6-F5454A503E1C} = {4EE7DE54-1B51-4389-8FB5-5EC848F4D1C8}
		{9FE91CB9-96A4-4D8C-ABED-76921FAD8B87} = {F5193B75-C24F-4D58-B005-85BA93911368}
		{46CEF239-A182-4624-8A51-D60DDCA19BE2} = {7FDDF86E-612E-411E-9AB9-873AE2A247B9}
		{09ED4DBF-812E-43F5-8F21-A7F0249D7B98} = {D7733F1E-0112-4126-BCC7-964DE4C910CD}
		{B2536ACB-2897-450C-A79C-D950E5A29AFC} = {9FCAF9A2-098F-434C-B6D6-F5454A503E1C}
		{FC04E8E0-85A3-48C2-9962-8A6B446E8F9E} = {37BC1A61-791F-449F-9302-346469FB25FD}
		{95197ACF-DBBB-432F-B0B3-8FAFFB9EEE48} = {D7733F1E-0112-4126-BCC7-964DE4C910CD}
		{241DF6F4-9CB8-4C14-9068-850BFC9520CD} = {D7733F1E-0112-4126-BCC7-964DE4C910CD}
		{380B9A15-8C67-4E75-B6CE-4F6B2E05EBAB} = {D7733F1E-0112-4126-BCC7-964DE4C910CD}
		{3D117046-54C6-4552-B782-6BAB0264F184} = {9FCAF9A2-098F-434C-B6D6-F5454A503E1C}
		{CE509E78-D01B-4EDD-8A7F-0161E14E19F4} = {9FCAF9A2-098F-434C-B6D6-F5454A503E1C}
	EndGlobalSection
	GlobalSection(ExtensibilityGlobals) = postSolution
		SolutionGuid = {7F5E8728-3420-4CF6-8815-E01E49B61718}
	EndGlobalSection
EndGlobal
